github.com/aerogo/http v1.1.5 h1:j0p68HiCtJp6CssxxxSUhX9uOPBomJMIKO4VKMRHQ0c=
github.com/aerogo/http v1.1.5/go.mod h1:h+m3WxevpaifyVpRAMV58qt8ScXSZhU1a5DdvBkRwwE=
github.com/akyoto/assert v0.2.4/go.mod h1:SoqVayyOmM/YSBnwOxJHCt4BCocoIrgeceWtJV701C0=
github.com/akyoto/stringutils v0.3.1 h1:C+VGuXfud9SSo54QRfdQO+rgQiHmLS5f4nJ4yUOM+8I=
github.com/akyoto/stringutils v0.3.1/go.mod h1:I1F9f8FF7gnAQyYp4PVAl+GJ2WBnaN6kNoYjidCV5Qk=
github.com/tidwall/gjson v1.14.0 h1:6aeJ0bzojgWLa82gDQHcx3S0Lr/O51I9bJ5nv6JFx5w=
github.com/tidwall/gjson v1.14.0/go.mod h1:/wbyibRr2FHMks5tjHJ5F8dMZh3AcwJEMf5vlfC0lxk=
github.com/tidwall/match v1.1.1 h1:+Ho715JplO36QYgwN9PGYNhgZvoUSc9X2c80KVTi+GA=
github.com/tidwall/match v1.1.1/go.mod h1:eRSPERbgtNPcGhD8UCthc6PmLEQXEWd3PRB5JTxsfmM=
github.com/tidwall/pretty v1.2.0 h1:RWIZEg2iJ8/g6fDDYzMpobmaoGh5OLl4AXtGUGPcqCs=
github.com/tidwall/pretty v1.2.0/go.mod h1:ITEVvHYasfjBbM0u2Pg8T2nJnzm8xPwvNhhsoaGGjNU=
